
Microsoft Visual Studio Solution File, Format Version 12.00
# Visual Studio Version 17
VisualStudioVersion = 17.4.33103.184
MinimumVisualStudioVersion = 10.0.40219.1
Project("{FAE04EC0-301F-11D3-BF4B-00C04F79EFBC}") = "Advent-of-Code-2022", "Advent-of-Code-2022.csproj", "{F3110C6A-4D54-4AEA-AD9C-5ADA145DF890}"
EndProject
Global
	GlobalSection(SolutionConfigurationPlatforms) = preSolution
		Debug|Any CPU = Debug|Any CPU
		Release|Any CPU = Release|Any CPU
	EndGlobalSection
	GlobalSection(ProjectConfigurationPlatforms) = postSolution
		{F3110C6A-4D54-4AEA-AD9C-5ADA145DF890}.Debug|Any CPU.ActiveCfg = Debug|Any CPU
		{F3110C6A-4D54-4AEA-AD9C-5ADA145DF890}.Debug|Any CPU.Build.0 = Debug|Any CPU
		{F3110C6A-4D54-4AEA-AD9C-5ADA145DF890}.Release|Any CPU.ActiveCfg = Release|Any CPU
		{F3110C6A-4D54-4AEA-AD9C-5ADA145DF890}.Release|Any CPU.Build.0 = Release|Any CPU
	EndGlobalSection
	GlobalSection(SolutionProperties) = preSolution
		HideSolutionNode = FALSE
	EndGlobalSection
	GlobalSection(ExtensibilityGlobals) = postSolution
		SolutionGuid = {B69F8956-0A32-4803-86C0-7D4A2D90CCB8}
	EndGlobalSection
EndGlobal
